
Microsoft Visual Studio Solution File, Format Version 12.00
Project("{FAE04EC0-301F-11D3-BF4B-00C04F79EFBC}") = "TestShell", "TestShell\TestShell.csproj", "{31016783-8B01-4A28-8599-53FCF8B22519}"
EndProject
Project("{D954291E-2A0B-460D-934E-DC6B0785DB48}") = "Skight.Core.DI", "Skight.Core.DI\Skight.Core.DI.shproj", "{7EC641ED-27A1-4F52-B183-314AE2127C6B}"
EndProject
Project("{D954291E-2A0B-460D-934E-DC6B0785DB48}") = "Skight.Core.DI.ReflectionProvider", "Skight.Core.DI.ReflectionProvider\Skight.Core.DI.ReflectionProvider.shproj", "{12752716-52D1-4F4B-8EEB-4D7F39DC1958}"
EndProject
Global
	GlobalSection(SolutionConfigurationPlatforms) = preSolution
		Debug|Any CPU = Debug|Any CPU
		Release|Any CPU = Release|Any CPU
	EndGlobalSection
	GlobalSection(ProjectConfigurationPlatforms) = postSolution
		{31016783-8B01-4A28-8599-53FCF8B22519}.Debug|Any CPU.ActiveCfg = Debug|Any CPU
		{31016783-8B01-4A28-8599-53FCF8B22519}.Debug|Any CPU.Build.0 = Debug|Any CPU
		{31016783-8B01-4A28-8599-53FCF8B22519}.Release|Any CPU.ActiveCfg = Release|Any CPU
		{31016783-8B01-4A28-8599-53FCF8B22519}.Release|Any CPU.Build.0 = Release|Any CPU
	EndGlobalSection
EndGlobal
